
Microsoft Visual Studio Solution File, Format Version 12.00
# Visual Studio Version 17
VisualStudioVersion = 17.9.34902.65
MinimumVisualStudioVersion = 10.0.40219.1
Project("{9A19103F-16F7-4668-BE54-9A1E7A4F7556}") = "GUI", "GUI\GUI.csproj", "{29187C95-9D5A-494B-86A2-0CA91FF6D4C0}"
EndProject
Project("{9A19103F-16F7-4668-BE54-9A1E7A4F7556}") = "Tests", "Tests\Tests.csproj", "{B938ABDE-AA63-42C7-81DF-17F3E99B87FA}"
EndProject
Project("{9A19103F-16F7-4668-BE54-9A1E7A4F7556}") = "Logging", "Logging\Logging.csproj", "{5C5B81F0-D4D3-446B-A6CC-124137F2ACE5}"
EndProject
Global
	GlobalSection(SolutionConfigurationPlatforms) = preSolution
		Debug|Any CPU = Debug|Any CPU
		Release|Any CPU = Release|Any CPU
	EndGlobalSection
	GlobalSection(ProjectConfigurationPlatforms) = postSolution
		{29187C95-9D5A-494B-86A2-0CA91FF6D4C0}.Debug|Any CPU.ActiveCfg = Debug|Any CPU
		{29187C95-9D5A-494B-86A2-0CA91FF6D4C0}.Debug|Any CPU.Build.0 = Debug|Any CPU
		{29187C95-9D5A-494B-86A2-0CA91FF6D4C0}.Release|Any CPU.ActiveCfg = Release|Any CPU
		{29187C95-9D5A-494B-86A2-0CA91FF6D4C0}.Release|Any CPU.Build.0 = Release|Any CPU
		{B938ABDE-AA63-42C7-81DF-17F3E99B87FA}.Debug|Any CPU.ActiveCfg = Debug|Any CPU
		{B938ABDE-AA63-42C7-81DF-17F3E99B87FA}.Debug|Any CPU.Build.0 = Debug|Any CPU
		{B938ABDE-AA63-42C7-81DF-17F3E99B87FA}.Release|Any CPU.ActiveCfg = Release|Any CPU
		{B938ABDE-AA63-42C7-81DF-17F3E99B87FA}.Release|Any CPU.Build.0 = Release|Any CPU
		{5C5B81F0-D4D3-446B-A6CC-124137F2ACE5}.Debug|Any CPU.ActiveCfg = Debug|Any CPU
		{5C5B81F0-D4D3-446B-A6CC-124137F2ACE5}.Debug|Any CPU.Build.0 = Debug|Any CPU
		{5C5B81F0-D4D3-446B-A6CC-124137F2ACE5}.Release|Any CPU.ActiveCfg = Release|Any CPU
		{5C5B81F0-D4D3-446B-A6CC-124137F2ACE5}.Release|Any CPU.Build.0 = Release|Any CPU
	EndGlobalSection
	GlobalSection(SolutionProperties) = preSolution
		HideSolutionNode = FALSE
	EndGlobalSection
	GlobalSection(ExtensibilityGlobals) = postSolution
		SolutionGuid = {06285DBD-D778-44DE-A885-55CA41AFD088}
	EndGlobalSection
EndGlobal
